
Microsoft Visual Studio Solution File, Format Version 12.00
# Visual Studio 15
VisualStudioVersion = 15.0.26124.0
MinimumVisualStudioVersion = 15.0.26124.0
Project("{FAE04EC0-301F-11D3-BF4B-00C04F79EFBC}") = "TextBox.Data", "TextBox.Data\TextBox.Data.csproj", "{111A4E55-30C3-4943-8398-155A0E69D866}"
EndProject
Project("{FAE04EC0-301F-11D3-BF4B-00C04F79EFBC}") = "TextBox.Domain", "TextBox.Domain\TextBox.Domain.csproj", "{C8F2AB73-B995-4DD1-99F5-AA988F2B145D}"
EndProject
Project("{FAE04EC0-301F-11D3-BF4B-00C04F79EFBC}") = "TextBox.MVCClient", "TextBox.MVCClient\TextBox.MVCClient.csproj", "{892B6E90-1CCA-4BF5-ACE9-CA38C9DC1896}"
EndProject
Project("{FAE04EC0-301F-11D3-BF4B-00C04F79EFBC}") = "TextBox.Tests", "TextBox.Tests\TextBox.Tests.csproj", "{37D89574-D0C8-404E-981F-9EF6B730E001}"
EndProject
Global
	GlobalSection(SolutionConfigurationPlatforms) = preSolution
		Debug|Any CPU = Debug|Any CPU
		Debug|x64 = Debug|x64
		Debug|x86 = Debug|x86
		Release|Any CPU = Release|Any CPU
		Release|x64 = Release|x64
		Release|x86 = Release|x86
	EndGlobalSection
	GlobalSection(SolutionProperties) = preSolution
		HideSolutionNode = FALSE
	EndGlobalSection
	GlobalSection(ProjectConfigurationPlatforms) = postSolution
		{111A4E55-30C3-4943-8398-155A0E69D866}.Debug|Any CPU.ActiveCfg = Debug|Any CPU
		{111A4E55-30C3-4943-8398-155A0E69D866}.Debug|Any CPU.Build.0 = Debug|Any CPU
		{111A4E55-30C3-4943-8398-155A0E69D866}.Debug|x64.ActiveCfg = Debug|Any CPU
		{111A4E55-30C3-4943-8398-155A0E69D866}.Debug|x64.Build.0 = Debug|Any CPU
		{111A4E55-30C3-4943-8398-155A0E69D866}.Debug|x86.ActiveCfg = Debug|Any CPU
		{111A4E55-30C3-4943-8398-155A0E69D866}.Debug|x86.Build.0 = Debug|Any CPU
		{111A4E55-30C3-4943-8398-155A0E69D866}.Release|Any CPU.ActiveCfg = Release|Any CPU
		{111A4E55-30C3-4943-8398-155A0E69D866}.Release|Any CPU.Build.0 = Release|Any CPU
		{111A4E55-30C3-4943-8398-155A0E69D866}.Release|x64.ActiveCfg = Release|Any CPU
		{111A4E55-30C3-4943-8398-155A0E69D866}.Release|x64.Build.0 = Release|Any CPU
		{111A4E55-30C3-4943-8398-155A0E69D866}.Release|x86.ActiveCfg = Release|Any CPU
		{111A4E55-30C3-4943-8398-155A0E69D866}.Release|x86.Build.0 = Release|Any CPU
		{C8F2AB73-B995-4DD1-99F5-AA988F2B145D}.Debug|Any CPU.ActiveCfg = Debug|Any CPU
		{C8F2AB73-B995-4DD1-99F5-AA988F2B145D}.Debug|Any CPU.Build.0 = Debug|Any CPU
		{C8F2AB73-B995-4DD1-99F5-AA988F2B145D}.Debug|x64.ActiveCfg = Debug|Any CPU
		{C8F2AB73-B995-4DD1-99F5-AA988F2B145D}.Debug|x64.Build.0 = Debug|Any CPU
		{C8F2AB73-B995-4DD1-99F5-AA988F2B145D}.Debug|x86.ActiveCfg = Debug|Any CPU
		{C8F2AB73-B995-4DD1-99F5-AA988F2B145D}.Debug|x86.Build.0 = Debug|Any CPU
		{C8F2AB73-B995-4DD1-99F5-AA988F2B145D}.Release|Any CPU.ActiveCfg = Release|Any CPU
		{C8F2AB73-B995-4DD1-99F5-AA988F2B145D}.Release|Any CPU.Build.0 = Release|Any CPU
		{C8F2AB73-B995-4DD1-99F5-AA988F2B145D}.Release|x64.ActiveCfg = Release|Any CPU
		{C8F2AB73-B995-4DD1-99F5-AA988F2B145D}.Release|x64.Build.0 = Release|Any CPU
		{C8F2AB73-B995-4DD1-99F5-AA988F2B145D}.Release|x86.ActiveCfg = Release|Any CPU
		{C8F2AB73-B995-4DD1-99F5-AA988F2B145D}.Release|x86.Build.0 = Release|Any CPU
		{892B6E90-1CCA-4BF5-ACE9-CA38C9DC1896}.Debug|Any CPU.ActiveCfg = Debug|Any CPU
		{892B6E90-1CCA-4BF5-ACE9-CA38C9DC1896}.Debug|Any CPU.Build.0 = Debug|Any CPU
		{892B6E90-1CCA-4BF5-ACE9-CA38C9DC1896}.Debug|x64.ActiveCfg = Debug|Any CPU
		{892B6E90-1CCA-4BF5-ACE9-CA38C9DC1896}.Debug|x64.Build.0 = Debug|Any CPU
		{892B6E90-1CCA-4BF5-ACE9-CA38C9DC1896}.Debug|x86.ActiveCfg = Debug|Any CPU
		{892B6E90-1CCA-4BF5-ACE9-CA38C9DC1896}.Debug|x86.Build.0 = Debug|Any CPU
		{892B6E90-1CCA-4BF5-ACE9-CA38C9DC1896}.Release|Any CPU.ActiveCfg = Release|Any CPU
		{892B6E90-1CCA-4BF5-ACE9-CA38C9DC1896}.Release|Any CPU.Build.0 = Release|Any CPU
		{892B6E90-1CCA-4BF5-ACE9-CA38C9DC1896}.Release|x64.ActiveCfg = Release|Any CPU
		{892B6E90-1CCA-4BF5-ACE9-CA38C9DC1896}.Release|x64.Build.0 = Release|Any CPU
		{892B6E90-1CCA-4BF5-ACE9-CA38C9DC1896}.Release|x86.ActiveCfg = Release|Any CPU
		{892B6E90-1CCA-4BF5-ACE9-CA38C9DC1896}.Release|x86.Build.0 = Release|Any CPU
		{37D89574-D0C8-404E-981F-9EF6B730E001}.Debug|Any CPU.ActiveCfg = Debug|Any CPU
		{37D89574-D0C8-404E-981F-9EF6B730E001}.Debug|Any CPU.Build.0 = Debug|Any CPU
		{37D89574-D0C8-404E-981F-9EF6B730E001}.Debug|x64.ActiveCfg = Debug|Any CPU
		{37D89574-D0C8-404E-981F-9EF6B730E001}.Debug|x64.Build.0 = Debug|Any CPU
		{37D89574-D0C8-404E-981F-9EF6B730E001}.Debug|x86.ActiveCfg = Debug|Any CPU
		{37D89574-D0C8-404E-981F-9EF6B730E001}.Debug|x86.Build.0 = Debug|Any CPU
		{37D89574-D0C8-404E-981F-9EF6B730E001}.Release|Any CPU.ActiveCfg = Release|Any CPU
		{37D89574-D0C8-404E-981F-9EF6B730E001}.Release|Any CPU.Build.0 = Release|Any CPU
		{37D89574-D0C8-404E-981F-9EF6B730E001}.Release|x64.ActiveCfg = Release|Any CPU
		{37D89574-D0C8-404E-981F-9EF6B730E001}.Release|x64.Build.0 = Release|Any CPU
		{37D89574-D0C8-404E-981F-9EF6B730E001}.Release|x86.ActiveCfg = Release|Any CPU
		{37D89574-D0C8-404E-981F-9EF6B730E001}.Release|x86.Build.0 = Release|Any CPU
	EndGlobalSection
EndGlobal
